
Microsoft Visual Studio Solution File, Format Version 12.00
# Visual Studio Version 17
VisualStudioVersion = 17.9.34728.123
MinimumVisualStudioVersion = 10.0.40219.1
Project("{FAE04EC0-301F-11D3-BF4B-00C04F79EFBC}") = "UsersWebApiMoq16_03_2026", "UsersWebApiMoq16_03_2026\UsersWebApiMoq16_03_2026.csproj", "{D9061A15-69CD-4356-B847-98E57E706F38}"
EndProject
Project("{FAE04EC0-301F-11D3-BF4B-00C04F79EFBC}") = "UserApi_MoqTestProject", "UserApi_MoqTestProject\UserApi_MoqTestProject.csproj", "{AE911906-E70C-4D5C-AD27-DDE3CFB13024}"
EndProject
Global
	GlobalSection(SolutionConfigurationPlatforms) = preSolution
		Debug|Any CPU = Debug|Any CPU
		Release|Any CPU = Release|Any CPU
	EndGlobalSection
	GlobalSection(ProjectConfigurationPlatforms) = postSolution
		{D9061A15-69CD-4356-B847-98E57E706F38}.Debug|Any CPU.ActiveCfg = Debug|Any CPU
		{D9061A15-69CD-4356-B847-98E57E706F38}.Debug|Any CPU.Build.0 = Debug|Any CPU
		{D9061A15-69CD-4356-B847-98E57E706F38}.Release|Any CPU.ActiveCfg = Release|Any CPU
		{D9061A15-69CD-4356-B847-98E57E706F38}.Release|Any CPU.Build.0 = Release|Any CPU
		{AE911906-E70C-4D5C-AD27-DDE3CFB13024}.Debug|Any CPU.ActiveCfg = Debug|Any CPU
		{AE911906-E70C-4D5C-AD27-DDE3CFB13024}.Debug|Any CPU.Build.0 = Debug|Any CPU
		{AE911906-E70C-4D5C-AD27-DDE3CFB13024}.Release|Any CPU.ActiveCfg = Release|Any CPU
		{AE911906-E70C-4D5C-AD27-DDE3CFB13024}.Release|Any CPU.Build.0 = Release|Any CPU
	EndGlobalSection
	GlobalSection(SolutionProperties) = preSolution
		HideSolutionNode = FALSE
	EndGlobalSection
	GlobalSection(ExtensibilityGlobals) = postSolution
		SolutionGuid = {B99E5F2D-B651-4450-A3A9-3D3FA08C8DEE}
	EndGlobalSection
EndGlobal
